
Microsoft Visual Studio Solution File, Format Version 12.00
# Visual Studio 15
VisualStudioVersion = 15.0.28010.2046
MinimumVisualStudioVersion = 10.0.40219.1
Project("{FAE04EC0-301F-11D3-BF4B-00C04F79EFBC}") = "11 paskaita 2018 12 03", "11 paskaita 2018 12 03\11 paskaita 2018 12 03.csproj", "{9DA826DF-CDBC-4ED5-8A0C-93A06D431155}"
EndProject
Global
	GlobalSection(SolutionConfigurationPlatforms) = preSolution
		Debug|Any CPU = Debug|Any CPU
		Release|Any CPU = Release|Any CPU
	EndGlobalSection
	GlobalSection(ProjectConfigurationPlatforms) = postSolution
		{9DA826DF-CDBC-4ED5-8A0C-93A06D431155}.Debug|Any CPU.ActiveCfg = Debug|Any CPU
		{9DA826DF-CDBC-4ED5-8A0C-93A06D431155}.Debug|Any CPU.Build.0 = Debug|Any CPU
		{9DA826DF-CDBC-4ED5-8A0C-93A06D431155}.Release|Any CPU.ActiveCfg = Release|Any CPU
		{9DA826DF-CDBC-4ED5-8A0C-93A06D431155}.Release|Any CPU.Build.0 = Release|Any CPU
	EndGlobalSection
	GlobalSection(SolutionProperties) = preSolution
		HideSolutionNode = FALSE
	EndGlobalSection
	GlobalSection(ExtensibilityGlobals) = postSolution
		SolutionGuid = {C3410963-BD43-4FD1-932A-35D174A14587}
	EndGlobalSection
EndGlobal
